
Microsoft Visual Studio Solution File, Format Version 12.00
# Visual Studio Version 17
VisualStudioVersion = 17.8.34525.116
MinimumVisualStudioVersion = 10.0.40219.1
Project("{8BC9CEB8-8B4A-11D0-8D11-00A0C91BC942}") = "Hello", "1\Hello\Hello.vcxproj", "{0161DEBD-10A8-4BF4-8737-A350A8C6C417}"
EndProject
Project("{8BC9CEB8-8B4A-11D0-8D11-00A0C91BC942}") = "Test", "2\Test\Test.vcxproj", "{18A0E96D-4E7F-4086-B88B-83684E4668B9}"
EndProject
Project("{8BC9CEB8-8B4A-11D0-8D11-00A0C91BC942}") = "Draw", "3\Draw\Draw.vcxproj", "{275ED7A7-A200-4D71-9F23-F7396A983600}"
EndProject
Project("{8BC9CEB8-8B4A-11D0-8D11-00A0C91BC942}") = "MyKey", "4\MyKey\MyKey.vcxproj", "{5892130A-4B23-40F6-A4C7-320EF89265EF}"
EndProject
Project("{8BC9CEB8-8B4A-11D0-8D11-00A0C91BC942}") = "Speed", "5\Speed\Speed.vcxproj", "{1297CF33-9E91-459B-974C-5EA8B141BA38}"
EndProject
Project("{8BC9CEB8-8B4A-11D0-8D11-00A0C91BC942}") = "MyMsg", "6\MyMsg\MyMsg.vcxproj", "{1D14D669-6233-40C6-8C30-C1A342ABA28E}"
EndProject
Project("{8BC9CEB8-8B4A-11D0-8D11-00A0C91BC942}") = "Graph", "7\Graph\Graph.vcxproj", "{30254684-F105-4863-959A-F0562BBA57AE}"
EndProject
Global
	GlobalSection(SolutionConfigurationPlatforms) = preSolution
		Debug|x64 = Debug|x64
		Debug|x86 = Debug|x86
		Release|x64 = Release|x64
		Release|x86 = Release|x86
	EndGlobalSection
	GlobalSection(ProjectConfigurationPlatforms) = postSolution
		{0161DEBD-10A8-4BF4-8737-A350A8C6C417}.Debug|x64.ActiveCfg = Debug|x64
		{0161DEBD-10A8-4BF4-8737-A350A8C6C417}.Debug|x64.Build.0 = Debug|x64
		{0161DEBD-10A8-4BF4-8737-A350A8C6C417}.Debug|x86.ActiveCfg = Debug|Win32
		{0161DEBD-10A8-4BF4-8737-A350A8C6C417}.Debug|x86.Build.0 = Debug|Win32
		{0161DEBD-10A8-4BF4-8737-A350A8C6C417}.Release|x64.ActiveCfg = Release|x64
		{0161DEBD-10A8-4BF4-8737-A350A8C6C417}.Release|x64.Build.0 = Release|x64
		{0161DEBD-10A8-4BF4-8737-A350A8C6C417}.Release|x86.ActiveCfg = Release|Win32
		{0161DEBD-10A8-4BF4-8737-A350A8C6C417}.Release|x86.Build.0 = Release|Win32
		{18A0E96D-4E7F-4086-B88B-83684E4668B9}.Debug|x64.ActiveCfg = Debug|x64
		{18A0E96D-4E7F-4086-B88B-83684E4668B9}.Debug|x64.Build.0 = Debug|x64
		{18A0E96D-4E7F-4086-B88B-83684E4668B9}.Debug|x86.ActiveCfg = Debug|Win32
		{18A0E96D-4E7F-4086-B88B-83684E4668B9}.Debug|x86.Build.0 = Debug|Win32
		{18A0E96D-4E7F-4086-B88B-83684E4668B9}.Release|x64.ActiveCfg = Release|x64
		{18A0E96D-4E7F-4086-B88B-83684E4668B9}.Release|x64.Build.0 = Release|x64
		{18A0E96D-4E7F-4086-B88B-83684E4668B9}.Release|x86.ActiveCfg = Release|Win32
		{18A0E96D-4E7F-4086-B88B-83684E4668B9}.Release|x86.Build.0 = Release|Win32
		{275ED7A7-A200-4D71-9F23-F7396A983600}.Debug|x64.ActiveCfg = Debug|x64
		{275ED7A7-A200-4D71-9F23-F7396A983600}.Debug|x64.Build.0 = Debug|x64
		{275ED7A7-A200-4D71-9F23-F7396A983600}.Debug|x86.ActiveCfg = Debug|Win32
		{275ED7A7-A200-4D71-9F23-F7396A983600}.Debug|x86.Build.0 = Debug|Win32
		{275ED7A7-A200-4D71-9F23-F7396A983600}.Release|x64.ActiveCfg = Release|x64
		{275ED7A7-A200-4D71-9F23-F7396A983600}.Release|x64.Build.0 = Release|x64
		{275ED7A7-A200-4D71-9F23-F7396A983600}.Release|x86.ActiveCfg = Release|Win32
		{275ED7A7-A200-4D71-9F23-F7396A983600}.Release|x86.Build.0 = Release|Win32
		{5892130A-4B23-40F6-A4C7-320EF89265EF}.Debug|x64.ActiveCfg = Debug|x64
		{5892130A-4B23-40F6-A4C7-320EF89265EF}.Debug|x64.Build.0 = Debug|x64
		{5892130A-4B23-40F6-A4C7-320EF89265EF}.Debug|x86.ActiveCfg = Debug|Win32
		{5892130A-4B23-40F6-A4C7-320EF89265EF}.Debug|x86.Build.0 = Debug|Win32
		{5892130A-4B23-40F6-A4C7-320EF89265EF}.Release|x64.ActiveCfg = Release|x64
		{5892130A-4B23-40F6-A4C7-320EF89265EF}.Release|x64.Build.0 = Release|x64
		{5892130A-4B23-40F6-A4C7-320EF89265EF}.Release|x86.ActiveCfg = Release|Win32
		{5892130A-4B23-40F6-A4C7-320EF89265EF}.Release|x86.Build.0 = Release|Win32
		{1297CF33-9E91-459B-974C-5EA8B141BA38}.Debug|x64.ActiveCfg = Debug|x64
		{1297CF33-9E91-459B-974C-5EA8B141BA38}.Debug|x64.Build.0 = Debug|x64
		{1297CF33-9E91-459B-974C-5EA8B141BA38}.Debug|x86.ActiveCfg = Debug|Win32
		{1297CF33-9E91-459B-974C-5EA8B141BA38}.Debug|x86.Build.0 = Debug|Win32
		{1297CF33-9E91-459B-974C-5EA8B141BA38}.Release|x64.ActiveCfg = Release|x64
		{1297CF33-9E91-459B-974C-5EA8B141BA38}.Release|x64.Build.0 = Release|x64
		{1297CF33-9E91-459B-974C-5EA8B141BA38}.Release|x86.ActiveCfg = Release|Win32
		{1297CF33-9E91-459B-974C-5EA8B141BA38}.Release|x86.Build.0 = Release|Win32
		{1D14D669-6233-40C6-8C30-C1A342ABA28E}.Debug|x64.ActiveCfg = Debug|x64
		{1D14D669-6233-40C6-8C30-C1A342ABA28E}.Debug|x64.Build.0 = Debug|x64
		{1D14D669-6233-40C6-8C30-C1A342ABA28E}.Debug|x86.ActiveCfg = Debug|Win32
		{1D14D669-6233-40C6-8C30-C1A342ABA28E}.Debug|x86.Build.0 = Debug|Win32
		{1D14D669-6233-40C6-8C30-C1A342ABA28E}.Release|x64.ActiveCfg = Release|x64
		{1D14D669-6233-40C6-8C30-C1A342ABA28E}.Release|x64.Build.0 = Release|x64
		{1D14D669-6233-40C6-8C30-C1A342ABA28E}.Release|x86.ActiveCfg = Release|Win32
		{1D14D669-6233-40C6-8C30-C1A342ABA28E}.Release|x86.Build.0 = Release|Win32
		{30254684-F105-4863-959A-F0562BBA57AE}.Debug|x64.ActiveCfg = Debug|x64
		{30254684-F105-4863-959A-F0562BBA57AE}.Debug|x64.Build.0 = Debug|x64
		{30254684-F105-4863-959A-F0562BBA57AE}.Debug|x86.ActiveCfg = Debug|Win32
		{30254684-F105-4863-959A-F0562BBA57AE}.Debug|x86.Build.0 = Debug|Win32
		{30254684-F105-4863-959A-F0562BBA57AE}.Release|x64.ActiveCfg = Release|x64
		{30254684-F105-4863-959A-F0562BBA57AE}.Release|x64.Build.0 = Release|x64
		{30254684-F105-4863-959A-F0562BBA57AE}.Release|x86.ActiveCfg = Release|Win32
		{30254684-F105-4863-959A-F0562BBA57AE}.Release|x86.Build.0 = Release|Win32
	EndGlobalSection
	GlobalSection(SolutionProperties) = preSolution
		HideSolutionNode = FALSE
	EndGlobalSection
	GlobalSection(ExtensibilityGlobals) = postSolution
		SolutionGuid = {CC39599B-1240-479B-800D-9F0CE7D572D8}
	EndGlobalSection
EndGlobal
